// !$*UTF8*$!
{
	archiveVersion = 1;
	classes = {
	};
	objectVersion = 46;
	objects = {

/* Begin PBXBuildFile section */
		84638AF51A0017F400FC32F3 /* main.m in Sources */ = {isa = PBXBuildFile; fileRef = 84638AF41A0017F400FC32F3 /* main.m */; };
		84638AF81A0017F400FC32F3 /* AppDelegate.m in Sources */ = {isa = PBXBuildFile; fileRef = 84638AF71A0017F400FC32F3 /* AppDelegate.m */; };
		84638AFB1A0017F400FC32F3 /* ViewController.m in Sources */ = {isa = PBXBuildFile; fileRef = 84638AFA1A0017F400FC32F3 /* ViewController.m */; };
		84638AFE1A0017F400FC32F3 /* Main.storyboard in Resources */ = {isa = PBXBuildFile; fileRef = 84638AFC1A0017F400FC32F3 /* Main.storyboard */; };
		84638B001A0017F400FC32F3 /* Images.xcassets in Resources */ = {isa = PBXBuildFile; fileRef = 84638AFF1A0017F400FC32F3 /* Images.xcassets */; };
		84638B031A0017F400FC32F3 /* LaunchScreen.xib in Resources */ = {isa = PBXBuildFile; fileRef = 84638B011A0017F400FC32F3 /* LaunchScreen.xib */; };
		84638B0F1A0017F400FC32F3 /* DelegatesHomeWorkTests.m in Sources */ = {isa = PBXBuildFile; fileRef = 84638B0E1A0017F400FC32F3 /* DelegatesHomeWorkTests.m */; };
		84638B1D1A00184100FC32F3 /* Patient.m in Sources */ = {isa = PBXBuildFile; fileRef = 84638B1C1A00184100FC32F3 /* Patient.m */; };
		84638B201A001FA900FC32F3 /* Doctor.m in Sources */ = {isa = PBXBuildFile; fileRef = 84638B1F1A001FA900FC32F3 /* Doctor.m */; };
		84638B231A00325D00FC32F3 /* BadDoctor.m in Sources */ = {isa = PBXBuildFile; fileRef = 84638B221A00325D00FC32F3 /* BadDoctor.m */; };
		84F2FB531A030D6B00942340 /* UIKit.framework in Frameworks */ = {isa = PBXBuildFile; fileRef = 84F2FB521A030D6B00942340 /* UIKit.framework */; };
		84F2FB551A030D7700942340 /* Foundation.framework in Frameworks */ = {isa = PBXBuildFile; fileRef = 84F2FB541A030D7700942340 /* Foundation.framework */; };
/* End PBXBuildFile section */

/* Begin PBXContainerItemProxy section */
		84638B091A0017F400FC32F3 /* PBXContainerItemProxy */ = {
			isa = PBXContainerItemProxy;
			containerPortal = 84638AE71A0017F400FC32F3 /* Project object */;
			proxyType = 1;
			remoteGlobalIDString = 84638AEE1A0017F400FC32F3;
			remoteInfo = DelegatesHomeWork;
		};
/* End PBXContainerItemProxy section */

/* Begin PBXFileReference section */
		84638AEF1A0017F400FC32F3 /* DelegatesHomeWork.app */ = {isa = PBXFileReference; explicitFileType = wrapper.application; includeInIndex = 0; path = DelegatesHomeWork.app; sourceTree = BUILT_PRODUCTS_DIR; };
		84638AF31A0017F400FC32F3 /* Info.plist */ = {isa = PBXFileReference; lastKnownFileType = text.plist.xml; path = Info.plist; sourceTree = "<group>"; };
		84638AF41A0017F400FC32F3 /* main.m */ = {isa = PBXFileReference; lastKnownFileType = sourcecode.c.objc; path = main.m; sourceTree = "<group>"; };
		84638AF61A0017F400FC32F3 /* AppDelegate.h */ = {isa = PBXFileReference; lastKnownFileType = sourcecode.c.h; path = AppDelegate.h; sourceTree = "<group>"; };
		84638AF71A0017F400FC32F3 /* AppDelegate.m */ = {isa = PBXFileReference; lastKnownFileType = sourcecode.c.objc; path = AppDelegate.m; sourceTree = "<group>"; };
		84638AF91A0017F400FC32F3 /* ViewController.h */ = {isa = PBXFileReference; lastKnownFileType = sourcecode.c.h; path = ViewController.h; sourceTree = "<group>"; };
		84638AFA1A0017F400FC32F3 /* ViewController.m */ = {isa = PBXFileReference; lastKnownFileType = sourcecode.c.objc; path = ViewController.m; sourceTree = "<group>"; };
		84638AFD1A0017F400FC32F3 /* Base */ = {isa = PBXFileReference; lastKnownFileType = file.storyboard; name = Base; path = Base.lproj/Main.storyboard; sourceTree = "<group>"; };
		84638AFF1A0017F400FC32F3 /* Images.xcassets */ = {isa = PBXFileReference; lastKnownFileType = folder.assetcatalog; path = Images.xcassets; sourceTree = "<group>"; };
		84638B021A0017F400FC32F3 /* Base */ = {isa = PBXFileReference; lastKnownFileType = file.xib; name = Base; path = Base.lproj/LaunchScreen.xib; sourceTree = "<group>"; };
		84638B081A0017F400FC32F3 /* DelegatesHomeWorkTests.xctest */ = {isa = PBXFileReference; explicitFileType = wrapper.cfbundle; includeInIndex = 0; path = DelegatesHomeWorkTests.xctest; sourceTree = BUILT_PRODUCTS_DIR; };
		84638B0D1A0017F400FC32F3 /* Info.plist */ = {isa = PBXFileReference; lastKnownFileType = text.plist.xml; path = Info.plist; sourceTree = "<group>"; };
		84638B0E1A0017F400FC32F3 /* DelegatesHomeWorkTests.m */ = {isa = PBXFileReference; lastKnownFileType = sourcecode.c.objc; path = DelegatesHomeWorkTests.m; sourceTree = "<group>"; };
		84638B1B1A00184100FC32F3 /* Patient.h */ = {isa = PBXFileReference; fileEncoding = 4; lastKnownFileType = sourcecode.c.h; path = Patient.h; sourceTree = "<group>"; };
		84638B1C1A00184100FC32F3 /* Patient.m */ = {isa = PBXFileReference; fileEncoding = 4; lastKnownFileType = sourcecode.c.objc; path = Patient.m; sourceTree = "<group>"; };
		84638B1E1A001FA900FC32F3 /* Doctor.h */ = {isa = PBXFileReference; fileEncoding = 4; lastKnownFileType = sourcecode.c.h; path = Doctor.h; sourceTree = "<group>"; };
		84638B1F1A001FA900FC32F3 /* Doctor.m */ = {isa = PBXFileReference; fileEncoding = 4; lastKnownFileType = sourcecode.c.objc; path = Doctor.m; sourceTree = "<group>"; };
		84638B211A00325D00FC32F3 /* BadDoctor.h */ = {isa = PBXFileReference; fileEncoding = 4; lastKnownFileType = sourcecode.c.h; path = BadDoctor.h; sourceTree = "<group>"; };
		84638B221A00325D00FC32F3 /* BadDoctor.m */ = {isa = PBXFileReference; fileEncoding = 4; lastKnownFileType = sourcecode.c.objc; path = BadDoctor.m; sourceTree = "<group>"; };
		84F2FB521A030D6B00942340 /* UIKit.framework */ = {isa = PBXFileReference; lastKnownFileType = wrapper.framework; name = UIKit.framework; path = System/Library/Frameworks/UIKit.framework; sourceTree = SDKROOT; };
		84F2FB541A030D7700942340 /* Foundation.framework */ = {isa = PBXFileReference; lastKnownFileType = wrapper.framework; name = Foundation.framework; path = System/Library/Frameworks/Foundation.framework; sourceTree = SDKROOT; };
/* End PBXFileReference section */

/* Begin PBXFrameworksBuildPhase section */
		84638AEC1A0017F400FC32F3 /* Frameworks */ = {
			isa = PBXFrameworksBuildPhase;
			buildActionMask = 2147483647;
			files = (
				84F2FB551A030D7700942340 /* Foundation.framework in Frameworks */,
				84F2FB531A030D6B00942340 /* UIKit.framework in Frameworks */,
			);
			runOnlyForDeploymentPostprocessing = 0;
		};
		84638B051A0017F400FC32F3 /* Frameworks */ = {
			isa = PBXFrameworksBuildPhase;
			buildActionMask = 2147483647;
			files = (
			);
			runOnlyForDeploymentPostprocessing = 0;
		};
/* End PBXFrameworksBuildPhase section */

/* Begin PBXGroup section */
		84638AE61A0017F400FC32F3 = {
			isa = PBXGroup;
			children = (
				84F2FB541A030D7700942340 /* Foundation.framework */,
				84F2FB521A030D6B00942340 /* UIKit.framework */,
				84638AF11A0017F400FC32F3 /* DelegatesHomeWork */,
				84638B0B1A0017F400FC32F3 /* DelegatesHomeWorkTests */,
				84638AF01A0017F400FC32F3 /* Products */,
			);
			sourceTree = "<group>";
		};
		84638AF01A0017F400FC32F3 /* Products */ = {
			isa = PBXGroup;
			children = (
				84638AEF1A0017F400FC32F3 /* DelegatesHomeWork.app */,
				84638B081A0017F400FC32F3 /* DelegatesHomeWorkTests.xctest */,
			);
			name = Products;
			sourceTree = "<group>";
		};
		84638AF11A0017F400FC32F3 /* DelegatesHomeWork */ = {
			isa = PBXGroup;
			children = (
				84638B1E1A001FA900FC32F3 /* Doctor.h */,
				84638B1F1A001FA900FC32F3 /* Doctor.m */,
				84638B211A00325D00FC32F3 /* BadDoctor.h */,
				84638B221A00325D00FC32F3 /* BadDoctor.m */,
				84638B1B1A00184100FC32F3 /* Patient.h */,
				84638B1C1A00184100FC32F3 /* Patient.m */,
				84638AF61A0017F400FC32F3 /* AppDelegate.h */,
				84638AF71A0017F400FC32F3 /* AppDelegate.m */,
				84638AF91A0017F400FC32F3 /* ViewController.h */,
				84638AFA1A0017F400FC32F3 /* ViewController.m */,
				84638AFC1A0017F400FC32F3 /* Main.storyboard */,
				84638AFF1A0017F400FC32F3 /* Images.xcassets */,
				84638B011A0017F400FC32F3 /* LaunchScreen.xib */,
				84638AF21A0017F400FC32F3 /* Supporting Files */,
			);
			path = DelegatesHomeWork;
			sourceTree = "<group>";
		};
		84638AF21A0017F400FC32F3 /* Supporting Files */ = {
			isa = PBXGroup;
			children = (
				84638AF31A0017F400FC32F3 /* Info.plist */,
				84638AF41A0017F400FC32F3 /* main.m */,
			);
			name = "Supporting Files";
			sourceTree = "<group>";
		};
		84638B0B1A0017F400FC32F3 /* DelegatesHomeWorkTests */ = {
			isa = PBXGroup;
			children = (
				84638B0E1A0017F400FC32F3 /* DelegatesHomeWorkTests.m */,
				84638B0C1A0017F400FC32F3 /* Supporting Files */,
			);
			path = DelegatesHomeWorkTests;
			sourceTree = "<group>";
		};
		84638B0C1A0017F400FC32F3 /* Supporting Files */ = {
			isa = PBXGroup;
			children = (
				84638B0D1A0017F400FC32F3 /* Info.plist */,
			);
			name = "Supporting Files";
			sourceTree = "<group>";
		};
/* End PBXGroup section */

/* Begin PBXNativeTarget section */
		84638AEE1A0017F400FC32F3 /* DelegatesHomeWork */ = {
			isa = PBXNativeTarget;
			buildConfigurationList = 84638B121A0017F400FC32F3 /* Build configuration list for PBXNativeTarget "DelegatesHomeWork" */;
			buildPhases = (
				84638AEB1A0017F400FC32F3 /* Sources */,
				84638AEC1A0017F400FC32F3 /* Frameworks */,
				84638AED1A0017F400FC32F3 /* Resources */,
			);
			buildRules = (
			);
			dependencies = (
			);
			name = DelegatesHomeWork;
			productName = DelegatesHomeWork;
			productReference = 84638AEF1A0017F400FC32F3 /* DelegatesHomeWork.app */;
			productType = "com.apple.product-type.application";
		};
		84638B071A0017F400FC32F3 /* DelegatesHomeWorkTests */ = {
			isa = PBXNativeTarget;
			buildConfigurationList = 84638B151A0017F400FC32F3 /* Build configuration list for PBXNativeTarget "DelegatesHomeWorkTests" */;
			buildPhases = (
				84638B041A0017F400FC32F3 /* Sources */,
				84638B051A0017F400FC32F3 /* Frameworks */,
				84638B061A0017F400FC32F3 /* Resources */,
			);
			buildRules = (
			);
			dependencies = (
				84638B0A1A0017F400FC32F3 /* PBXTargetDependency */,
			);
			name = DelegatesHomeWorkTests;
			productName = DelegatesHomeWorkTests;
			productReference = 84638B081A0017F400FC32F3 /* DelegatesHomeWorkTests.xctest */;
			productType = "com.apple.product-type.bundle.unit-test";
		};
/* End PBXNativeTarget section */

/* Begin PBXProject section */
		84638AE71A0017F400FC32F3 /* Project object */ = {
			isa = PBXProject;
			attributes = {
				LastUpgradeCheck = 0610;
				ORGANIZATIONNAME = gressmc;
				TargetAttributes = {
					84638AEE1A0017F400FC32F3 = {
						CreatedOnToolsVersion = 6.1;
					};
					84638B071A0017F400FC32F3 = {
						CreatedOnToolsVersion = 6.1;
						TestTargetID = 84638AEE1A0017F400FC32F3;
					};
				};
			};
			buildConfigurationList = 84638AEA1A0017F400FC32F3 /* Build configuration list for PBXProject "DelegatesHomeWork" */;
			compatibilityVersion = "Xcode 3.2";
			developmentRegion = English;
			hasScannedForEncodings = 0;
			knownRegions = (
				en,
				Base,
			);
			mainGroup = 84638AE61A0017F400FC32F3;
			productRefGroup = 84638AF01A0017F400FC32F3 /* Products */;
			projectDirPath = "";
			projectRoot = "";
			targets = (
				84638AEE1A0017F400FC32F3 /* DelegatesHomeWork */,
				84638B071A0017F400FC32F3 /* DelegatesHomeWorkTests */,
			);
		};
/* End PBXProject section */

/* Begin PBXResourcesBuildPhase section */
		84638AED1A0017F400FC32F3 /* Resources */ = {
			isa = PBXResourcesBuildPhase;
			buildActionMask = 2147483647;
			files = (
				84638AFE1A0017F400FC32F3 /* Main.storyboard in Resources */,
				84638B031A0017F400FC32F3 /* LaunchScreen.xib in Resources */,
				84638B001A0017F400FC32F3 /* Images.xcassets in Resources */,
			);
			runOnlyForDeploymentPostprocessing = 0;
		};
		84638B061A0017F400FC32F3 /* Resources */ = {
			isa = PBXResourcesBuildPhase;
			buildActionMask = 2147483647;
			files = (
			);
			runOnlyForDeploymentPostprocessing = 0;
		};
/* End PBXResourcesBuildPhase section */

/* Begin PBXSourcesBuildPhase section */
		84638AEB1A0017F400FC32F3 /* Sources */ = {
			isa = PBXSourcesBuildPhase;
			buildActionMask = 2147483647;
			files = (
				84638AFB1A0017F400FC32F3 /* ViewController.m in Sources */,
				84638B1D1A00184100FC32F3 /* Patient.m in Sources */,
				84638B231A00325D00FC32F3 /* BadDoctor.m in Sources */,
				84638AF81A0017F400FC32F3 /* AppDelegate.m in Sources */,
				84638AF51A0017F400FC32F3 /* main.m in Sources */,
				84638B201A001FA900FC32F3 /* Doctor.m in Sources */,
			);
			runOnlyForDeploymentPostprocessing = 0;
		};
		84638B041A0017F400FC32F3 /* Sources */ = {
			isa = PBXSourcesBuildPhase;
			buildActionMask = 2147483647;
			files = (
				84638B0F1A0017F400FC32F3 /* DelegatesHomeWorkTests.m in Sources */,
			);
			runOnlyForDeploymentPostprocessing = 0;
		};
/* End PBXSourcesBuildPhase section */

/* Begin PBXTargetDependency section */
		84638B0A1A0017F400FC32F3 /* PBXTargetDependency */ = {
			isa = PBXTargetDependency;
			target = 84638AEE1A0017F400FC32F3 /* DelegatesHomeWork */;
			targetProxy = 84638B091A0017F400FC32F3 /* PBXContainerItemProxy */;
		};
/* End PBXTargetDependency section */

/* Begin PBXVariantGroup section */
		84638AFC1A0017F400FC32F3 /* Main.storyboard */ = {
			isa = PBXVariantGroup;
			children = (
				84638AFD1A0017F400FC32F3 /* Base */,
			);
			name = Main.storyboard;
			sourceTree = "<group>";
		};
		84638B011A0017F400FC32F3 /* LaunchScreen.xib */ = {
			isa = PBXVariantGroup;
			children = (
				84638B021A0017F400FC32F3 /* Base */,
			);
			name = LaunchScreen.xib;
			sourceTree = "<group>";
		};
/* End PBXVariantGroup section */

/* Begin XCBuildConfiguration section */
		84638B101A0017F400FC32F3 /* Debug */ = {
			isa = XCBuildConfiguration;
			buildSettings = {
				ALWAYS_SEARCH_USER_PATHS = NO;
				CLANG_CXX_LANGUAGE_STANDARD = "gnu++0x";
				CLANG_CXX_LIBRARY = "libc++";
				CLANG_ENABLE_MODULES = YES;
				CLANG_ENABLE_OBJC_ARC = YES;
				CLANG_WARN_BOOL_CONVERSION = YES;
				CLANG_WARN_CONSTANT_CONVERSION = YES;
				CLANG_WARN_DIRECT_OBJC_ISA_USAGE = YES_ERROR;
				CLANG_WARN_EMPTY_BODY = YES;
				CLANG_WARN_ENUM_CONVERSION = YES;
				CLANG_WARN_INT_CONVERSION = YES;
				CLANG_WARN_OBJC_ROOT_CLASS = YES_ERROR;
				CLANG_WARN_UNREACHABLE_CODE = YES;
				CLANG_WARN__DUPLICATE_METHOD_MATCH = YES;
				"CODE_SIGN_IDENTITY[sdk=iphoneos*]" = "iPhone Developer";
				COPY_PHASE_STRIP = NO;
				ENABLE_STRICT_OBJC_MSGSEND = YES;
				GCC_C_LANGUAGE_STANDARD = gnu99;
				GCC_DYNAMIC_NO_PIC = NO;
				GCC_OPTIMIZATION_LEVEL = 0;
				GCC_PREPROCESSOR_DEFINITIONS = (
					"DEBUG=1",
					"$(inherited)",
				);
				GCC_SYMBOLS_PRIVATE_EXTERN = NO;
				GCC_WARN_64_TO_32_BIT_CONVERSION = YES;
				GCC_WARN_ABOUT_RETURN_TYPE = YES_ERROR;
				GCC_WARN_UNDECLARED_SELECTOR = YES;
				GCC_WARN_UNINITIALIZED_AUTOS = YES_AGGRESSIVE;
				GCC_WARN_UNUSED_FUNCTION = YES;
				GCC_WARN_UNUSED_VARIABLE = YES;
				IPHONEOS_DEPLOYMENT_TARGET = 8.1;
				MTL_ENABLE_DEBUG_INFO = YES;
				ONLY_ACTIVE_ARCH = YES;
				SDKROOT = iphoneos;
				TARGETED_DEVICE_FAMILY = "1,2";
			};
			name = Debug;
		};
		84638B111A0017F400FC32F3 /* Release */ = {
			isa = XCBuildConfiguration;
			buildSettings = {
				ALWAYS_SEARCH_USER_PATHS = NO;
				CLANG_CXX_LANGUAGE_STANDARD = "gnu++0x";
				CLANG_CXX_LIBRARY = "libc++";
				CLANG_ENABLE_MODULES = YES;
				CLANG_ENABLE_OBJC_ARC = YES;
				CLANG_WARN_BOOL_CONVERSION = YES;
				CLANG_WARN_CONSTANT_CONVERSION = YES;
				CLANG_WARN_DIRECT_OBJC_ISA_USAGE = YES_ERROR;
				CLANG_WARN_EMPTY_BODY = YES;
				CLANG_WARN_ENUM_CONVERSION = YES;
				CLANG_WARN_INT_CONVERSION = YES;
				CLANG_WARN_OBJC_ROOT_CLASS = YES_ERROR;
				CLANG_WARN_UNREACHABLE_CODE = YES;
				CLANG_WARN__DUPLICATE_METHOD_MATCH = YES;
				"CODE_SIGN_IDENTITY[sdk=iphoneos*]" = "iPhone Developer";
				COPY_PHASE_STRIP = YES;
				ENABLE_NS_ASSERTIONS = NO;
				ENABLE_STRICT_OBJC_MSGSEND = YES;
				GCC_C_LANGUAGE_STANDARD = gnu99;
				GCC_WARN_64_TO_32_BIT_CONVERSION = YES;
				GCC_WARN_ABOUT_RETURN_TYPE = YES_ERROR;
				GCC_WARN_UNDECLARED_SELECTOR = YES;
				GCC_WARN_UNINITIALIZED_AUTOS = YES_AGGRESSIVE;
				GCC_WARN_UNUSED_FUNCTION = YES;
				GCC_WARN_UNUSED_VARIABLE = YES;
				IPHONEOS_DEPLOYMENT_TARGET = 8.1;
				MTL_ENABLE_DEBUG_INFO = NO;
				SDKROOT = iphoneos;
				TARGETED_DEVICE_FAMILY = "1,2";
				VALIDATE_PRODUCT = YES;
			};
			name = Release;
		};
		84638B131A0017F400FC32F3 /* Debug */ = {
			isa = XCBuildConfiguration;
			buildSettings = {
				ASSETCATALOG_COMPILER_APPICON_NAME = AppIcon;
				INFOPLIST_FILE = DelegatesHomeWork/Info.plist;
				LD_RUNPATH_SEARCH_PATHS = "$(inherited) @executable_path/Frameworks";
				PRODUCT_NAME = "$(TARGET_NAME)";
			};
			name = Debug;
		};
		84638B141A0017F400FC32F3 /* Release */ = {
			isa = XCBuildConfiguration;
			buildSettings = {
				ASSETCATALOG_COMPILER_APPICON_NAME = AppIcon;
				INFOPLIST_FILE = DelegatesHomeWork/Info.plist;
				LD_RUNPATH_SEARCH_PATHS = "$(inherited) @executable_path/Frameworks";
				PRODUCT_NAME = "$(TARGET_NAME)";
			};
			name = Release;
		};
		84638B161A0017F400FC32F3 /* Debug */ = {
			isa = XCBuildConfiguration;
			buildSettings = {
				BUNDLE_LOADER = "$(TEST_HOST)";
				FRAMEWORK_SEARCH_PATHS = (
					"$(SDKROOT)/Developer/Library/Frameworks",
					"$(inherited)",
				);
				GCC_PREPROCESSOR_DEFINITIONS = (
					"DEBUG=1",
					"$(inherited)",
				);
				INFOPLIST_FILE = DelegatesHomeWorkTests/Info.plist;
				LD_RUNPATH_SEARCH_PATHS = "$(inherited) @executable_path/Frameworks @loader_path/Frameworks";
				PRODUCT_NAME = "$(TARGET_NAME)";
				TEST_HOST = "$(BUILT_PRODUCTS_DIR)/DelegatesHomeWork.app/DelegatesHomeWork";
			};
			name = Debug;
		};
		84638B171A0017F400FC32F3 /* Release */ = {
			isa = XCBuildConfiguration;
			buildSettings = {
				BUNDLE_LOADER = "$(TEST_HOST)";
				FRAMEWORK_SEARCH_PATHS = (
					"$(SDKROOT)/Developer/Library/Frameworks",
					"$(inherited)",
				);
				INFOPLIST_FILE = DelegatesHomeWorkTests/Info.plist;
				LD_RUNPATH_SEARCH_PATHS = "$(inherited) @executable_path/Frameworks @loader_path/Frameworks";
				PRODUCT_NAME = "$(TARGET_NAME)";
				TEST_HOST = "$(BUILT_PRODUCTS_DIR)/DelegatesHomeWork.app/DelegatesHomeWork";
			};
			name = Release;
		};
/* End XCBuildConfiguration section */

/* Begin XCConfigurationList section */
		84638AEA1A0017F400FC32F3 /* Build configuration list for PBXProject "DelegatesHomeWork" */ = {
			isa = XCConfigurationList;
			buildConfigurations = (
				84638B101A0017F400FC32F3 /* Debug */,
				84638B111A0017F400FC32F3 /* Release */,
			);
			defaultConfigurationIsVisible = 0;
			defaultConfigurationName = Release;
		};
		84638B121A0017F400FC32F3 /* Build configuration list for PBXNativeTarget "DelegatesHomeWork" */ = {
			isa = XCConfigurationList;
			buildConfigurations = (
				84638B131A0017F400FC32F3 /* Debug */,
				84638B141A0017F400FC32F3 /* Release */,
			);
			defaultConfigurationIsVisible = 0;
			defaultConfigurationName = Release;
		};
		84638B151A0017F400FC32F3 /* Build configuration list for PBXNativeTarget "DelegatesHomeWorkTests" */ = {
			isa = XCConfigurationList;
			buildConfigurations = (
				84638B161A0017F400FC32F3 /* Debug */,
				84638B171A0017F400FC32F3 /* Release */,
			);
			defaultConfigurationIsVisible = 0;
			defaultConfigurationName = Release;
		};
/* End XCConfigurationList section */
	};
	rootObject = 84638AE71A0017F400FC32F3 /* Project object */;
}
